// !$*UTF8*$!
{
	archiveVersion = 1;
	classes = {
	};
	objectVersion = 55;
	objects = {

/* Begin PBXBuildFile section */
		4F8045E0279FAAC4005C5408 /* watchOS NavLink SwiftUI Bug WatchKit App.app in Embed Watch Content */ = {isa = PBXBuildFile; fileRef = 4F8045DF279FAAC4005C5408 /* watchOS NavLink SwiftUI Bug WatchKit App.app */; settings = {ATTRIBUTES = (RemoveHeadersOnCopy, ); }; };
		4F8045E5279FAAC5005C5408 /* Assets.xcassets in Resources */ = {isa = PBXBuildFile; fileRef = 4F8045E4279FAAC5005C5408 /* Assets.xcassets */; };
		4F8045EB279FAAC5005C5408 /* watchOS NavLink SwiftUI Bug WatchKit Extension.appex in Embed App Extensions */ = {isa = PBXBuildFile; fileRef = 4F8045EA279FAAC5005C5408 /* watchOS NavLink SwiftUI Bug WatchKit Extension.appex */; settings = {ATTRIBUTES = (RemoveHeadersOnCopy, ); }; };
		4F8045F0279FAAC5005C5408 /* ContentView.swift in Sources */ = {isa = PBXBuildFile; fileRef = 4F8045EF279FAAC5005C5408 /* ContentView.swift */; };
		4F8045F2279FAAC5005C5408 /* watchOS_NavLink_SwiftUI_BugApp.swift in Sources */ = {isa = PBXBuildFile; fileRef = 4F8045F1279FAAC5005C5408 /* watchOS_NavLink_SwiftUI_BugApp.swift */; };
		4F8045F4279FAAC5005C5408 /* ComplicationController.swift in Sources */ = {isa = PBXBuildFile; fileRef = 4F8045F3279FAAC5005C5408 /* ComplicationController.swift */; };
		4F8045F6279FAAC6005C5408 /* Assets.xcassets in Resources */ = {isa = PBXBuildFile; fileRef = 4F8045F5279FAAC6005C5408 /* Assets.xcassets */; };
		4F8045F9279FAAC6005C5408 /* Preview Assets.xcassets in Resources */ = {isa = PBXBuildFile; fileRef = 4F8045F8279FAAC6005C5408 /* Preview Assets.xcassets */; };
/* End PBXBuildFile section */

/* Begin PBXContainerItemProxy section */
		4F8045E1279FAAC4005C5408 /* PBXContainerItemProxy */ = {
			isa = PBXContainerItemProxy;
			containerPortal = 4F8045D5279FAAC3005C5408 /* Project object */;
			proxyType = 1;
			remoteGlobalIDString = 4F8045DE279FAAC4005C5408;
			remoteInfo = "watchOS NavLink SwiftUI Bug WatchKit App";
		};
		4F8045EC279FAAC5005C5408 /* PBXContainerItemProxy */ = {
			isa = PBXContainerItemProxy;
			containerPortal = 4F8045D5279FAAC3005C5408 /* Project object */;
			proxyType = 1;
			remoteGlobalIDString = 4F8045E9279FAAC5005C5408;
			remoteInfo = "watchOS NavLink SwiftUI Bug WatchKit Extension";
		};
/* End PBXContainerItemProxy section */

/* Begin PBXCopyFilesBuildPhase section */
		4F804600279FAAC6005C5408 /* Embed App Extensions */ = {
			isa = PBXCopyFilesBuildPhase;
			buildActionMask = 2147483647;
			dstPath = "";
			dstSubfolderSpec = 13;
			files = (
				4F8045EB279FAAC5005C5408 /* watchOS NavLink SwiftUI Bug WatchKit Extension.appex in Embed App Extensions */,
			);
			name = "Embed App Extensions";
			runOnlyForDeploymentPostprocessing = 0;
		};
		4F804604279FAAC6005C5408 /* Embed Watch Content */ = {
			isa = PBXCopyFilesBuildPhase;
			buildActionMask = 2147483647;
			dstPath = "$(CONTENTS_FOLDER_PATH)/Watch";
			dstSubfolderSpec = 16;
			files = (
				4F8045E0279FAAC4005C5408 /* watchOS NavLink SwiftUI Bug WatchKit App.app in Embed Watch Content */,
			);
			name = "Embed Watch Content";
			runOnlyForDeploymentPostprocessing = 0;
		};
/* End PBXCopyFilesBuildPhase section */

/* Begin PBXFileReference section */
		4F8045DB279FAAC3005C5408 /* watchOS NavLink SwiftUI Bug.app */ = {isa = PBXFileReference; explicitFileType = wrapper.application; includeInIndex = 0; path = "watchOS NavLink SwiftUI Bug.app"; sourceTree = BUILT_PRODUCTS_DIR; };
		4F8045DF279FAAC4005C5408 /* watchOS NavLink SwiftUI Bug WatchKit App.app */ = {isa = PBXFileReference; explicitFileType = wrapper.application; includeInIndex = 0; path = "watchOS NavLink SwiftUI Bug WatchKit App.app"; sourceTree = BUILT_PRODUCTS_DIR; };
		4F8045E4279FAAC5005C5408 /* Assets.xcassets */ = {isa = PBXFileReference; lastKnownFileType = folder.assetcatalog; path = Assets.xcassets; sourceTree = "<group>"; };
		4F8045EA279FAAC5005C5408 /* watchOS NavLink SwiftUI Bug WatchKit Extension.appex */ = {isa = PBXFileReference; explicitFileType = "wrapper.app-extension"; includeInIndex = 0; path = "watchOS NavLink SwiftUI Bug WatchKit Extension.appex"; sourceTree = BUILT_PRODUCTS_DIR; };
		4F8045EF279FAAC5005C5408 /* ContentView.swift */ = {isa = PBXFileReference; lastKnownFileType = sourcecode.swift; path = ContentView.swift; sourceTree = "<group>"; };
		4F8045F1279FAAC5005C5408 /* watchOS_NavLink_SwiftUI_BugApp.swift */ = {isa = PBXFileReference; lastKnownFileType = sourcecode.swift; path = watchOS_NavLink_SwiftUI_BugApp.swift; sourceTree = "<group>"; };
		4F8045F3279FAAC5005C5408 /* ComplicationController.swift */ = {isa = PBXFileReference; lastKnownFileType = sourcecode.swift; path = ComplicationController.swift; sourceTree = "<group>"; };
		4F8045F5279FAAC6005C5408 /* Assets.xcassets */ = {isa = PBXFileReference; lastKnownFileType = folder.assetcatalog; path = Assets.xcassets; sourceTree = "<group>"; };
		4F8045F8279FAAC6005C5408 /* Preview Assets.xcassets */ = {isa = PBXFileReference; lastKnownFileType = folder.assetcatalog; path = "Preview Assets.xcassets"; sourceTree = "<group>"; };
		4F8045FA279FAAC6005C5408 /* Info.plist */ = {isa = PBXFileReference; lastKnownFileType = text.plist.xml; path = Info.plist; sourceTree = "<group>"; };
		4F804608279FB4B0005C5408 /* README.md */ = {isa = PBXFileReference; lastKnownFileType = net.daringfireball.markdown; path = README.md; sourceTree = "<group>"; };
/* End PBXFileReference section */

/* Begin PBXFrameworksBuildPhase section */
		4F8045E7279FAAC5005C5408 /* Frameworks */ = {
			isa = PBXFrameworksBuildPhase;
			buildActionMask = 2147483647;
			files = (
			);
			runOnlyForDeploymentPostprocessing = 0;
		};
/* End PBXFrameworksBuildPhase section */

/* Begin PBXGroup section */
		4F8045D4279FAAC3005C5408 = {
			isa = PBXGroup;
			children = (
				4F8045E3279FAAC4005C5408 /* watchOS NavLink SwiftUI Bug WatchKit App */,
				4F8045EE279FAAC5005C5408 /* watchOS NavLink SwiftUI Bug WatchKit Extension */,
				4F804608279FB4B0005C5408 /* README.md */,
				4F8045DC279FAAC3005C5408 /* Products */,
			);
			sourceTree = "<group>";
		};
		4F8045DC279FAAC3005C5408 /* Products */ = {
			isa = PBXGroup;
			children = (
				4F8045DB279FAAC3005C5408 /* watchOS NavLink SwiftUI Bug.app */,
				4F8045DF279FAAC4005C5408 /* watchOS NavLink SwiftUI Bug WatchKit App.app */,
				4F8045EA279FAAC5005C5408 /* watchOS NavLink SwiftUI Bug WatchKit Extension.appex */,
			);
			name = Products;
			sourceTree = "<group>";
		};
		4F8045E3279FAAC4005C5408 /* watchOS NavLink SwiftUI Bug WatchKit App */ = {
			isa = PBXGroup;
			children = (
				4F8045E4279FAAC5005C5408 /* Assets.xcassets */,
			);
			path = "watchOS NavLink SwiftUI Bug WatchKit App";
			sourceTree = "<group>";
		};
		4F8045EE279FAAC5005C5408 /* watchOS NavLink SwiftUI Bug WatchKit Extension */ = {
			isa = PBXGroup;
			children = (
				4F8045EF279FAAC5005C5408 /* ContentView.swift */,
				4F8045F1279FAAC5005C5408 /* watchOS_NavLink_SwiftUI_BugApp.swift */,
				4F8045F3279FAAC5005C5408 /* ComplicationController.swift */,
				4F8045F5279FAAC6005C5408 /* Assets.xcassets */,
				4F8045FA279FAAC6005C5408 /* Info.plist */,
				4F8045F7279FAAC6005C5408 /* Preview Content */,
			);
			path = "watchOS NavLink SwiftUI Bug WatchKit Extension";
			sourceTree = "<group>";
		};
		4F8045F7279FAAC6005C5408 /* Preview Content */ = {
			isa = PBXGroup;
			children = (
				4F8045F8279FAAC6005C5408 /* Preview Assets.xcassets */,
			);
			path = "Preview Content";
			sourceTree = "<group>";
		};
/* End PBXGroup section */

/* Begin PBXNativeTarget section */
		4F8045DA279FAAC3005C5408 /* watchOS NavLink SwiftUI Bug */ = {
			isa = PBXNativeTarget;
			buildConfigurationList = 4F804605279FAAC6005C5408 /* Build configuration list for PBXNativeTarget "watchOS NavLink SwiftUI Bug" */;
			buildPhases = (
				4F8045D9279FAAC3005C5408 /* Resources */,
				4F804604279FAAC6005C5408 /* Embed Watch Content */,
			);
			buildRules = (
			);
			dependencies = (
				4F8045E2279FAAC4005C5408 /* PBXTargetDependency */,
			);
			name = "watchOS NavLink SwiftUI Bug";
			productName = "watchOS NavLink SwiftUI Bug";
			productReference = 4F8045DB279FAAC3005C5408 /* watchOS NavLink SwiftUI Bug.app */;
			productType = "com.apple.product-type.application.watchapp2-container";
		};
		4F8045DE279FAAC4005C5408 /* watchOS NavLink SwiftUI Bug WatchKit App */ = {
			isa = PBXNativeTarget;
			buildConfigurationList = 4F804601279FAAC6005C5408 /* Build configuration list for PBXNativeTarget "watchOS NavLink SwiftUI Bug WatchKit App" */;
			buildPhases = (
				4F8045DD279FAAC4005C5408 /* Resources */,
				4F804600279FAAC6005C5408 /* Embed App Extensions */,
			);
			buildRules = (
			);
			dependencies = (
				4F8045ED279FAAC5005C5408 /* PBXTargetDependency */,
			);
			name = "watchOS NavLink SwiftUI Bug WatchKit App";
			productName = "watchOS NavLink SwiftUI Bug WatchKit App";
			productReference = 4F8045DF279FAAC4005C5408 /* watchOS NavLink SwiftUI Bug WatchKit App.app */;
			productType = "com.apple.product-type.application.watchapp2";
		};
		4F8045E9279FAAC5005C5408 /* watchOS NavLink SwiftUI Bug WatchKit Extension */ = {
			isa = PBXNativeTarget;
			buildConfigurationList = 4F8045FD279FAAC6005C5408 /* Build configuration list for PBXNativeTarget "watchOS NavLink SwiftUI Bug WatchKit Extension" */;
			buildPhases = (
				4F8045E6279FAAC5005C5408 /* Sources */,
				4F8045E7279FAAC5005C5408 /* Frameworks */,
				4F8045E8279FAAC5005C5408 /* Resources */,
			);
			buildRules = (
			);
			dependencies = (
			);
			name = "watchOS NavLink SwiftUI Bug WatchKit Extension";
			productName = "watchOS NavLink SwiftUI Bug WatchKit Extension";
			productReference = 4F8045EA279FAAC5005C5408 /* watchOS NavLink SwiftUI Bug WatchKit Extension.appex */;
			productType = "com.apple.product-type.watchkit2-extension";
		};
/* End PBXNativeTarget section */

/* Begin PBXProject section */
		4F8045D5279FAAC3005C5408 /* Project object */ = {
			isa = PBXProject;
			attributes = {
				BuildIndependentTargetsInParallel = 1;
				LastSwiftUpdateCheck = 1320;
				LastUpgradeCheck = 1320;
				TargetAttributes = {
					4F8045DA279FAAC3005C5408 = {
						CreatedOnToolsVersion = 13.2.1;
					};
					4F8045DE279FAAC4005C5408 = {
						CreatedOnToolsVersion = 13.2.1;
					};
					4F8045E9279FAAC5005C5408 = {
						CreatedOnToolsVersion = 13.2.1;
					};
				};
			};
			buildConfigurationList = 4F8045D8279FAAC3005C5408 /* Build configuration list for PBXProject "watchOS NavLink SwiftUI Bug" */;
			compatibilityVersion = "Xcode 13.0";
			developmentRegion = en;
			hasScannedForEncodings = 0;
			knownRegions = (
				en,
				Base,
			);
			mainGroup = 4F8045D4279FAAC3005C5408;
			productRefGroup = 4F8045DC279FAAC3005C5408 /* Products */;
			projectDirPath = "";
			projectRoot = "";
			targets = (
				4F8045DA279FAAC3005C5408 /* watchOS NavLink SwiftUI Bug */,
				4F8045DE279FAAC4005C5408 /* watchOS NavLink SwiftUI Bug WatchKit App */,
				4F8045E9279FAAC5005C5408 /* watchOS NavLink SwiftUI Bug WatchKit Extension */,
			);
		};
/* End PBXProject section */

/* Begin PBXResourcesBuildPhase section */
		4F8045D9279FAAC3005C5408 /* Resources */ = {
			isa = PBXResourcesBuildPhase;
			buildActionMask = 2147483647;
			files = (
			);
			runOnlyForDeploymentPostprocessing = 0;
		};
		4F8045DD279FAAC4005C5408 /* Resources */ = {
			isa = PBXResourcesBuildPhase;
			buildActionMask = 2147483647;
			files = (
				4F8045E5279FAAC5005C5408 /* Assets.xcassets in Resources */,
			);
			runOnlyForDeploymentPostprocessing = 0;
		};
		4F8045E8279FAAC5005C5408 /* Resources */ = {
			isa = PBXResourcesBuildPhase;
			buildActionMask = 2147483647;
			files = (
				4F8045F9279FAAC6005C5408 /* Preview Assets.xcassets in Resources */,
				4F8045F6279FAAC6005C5408 /* Assets.xcassets in Resources */,
			);
			runOnlyForDeploymentPostprocessing = 0;
		};
/* End PBXResourcesBuildPhase section */

/* Begin PBXSourcesBuildPhase section */
		4F8045E6279FAAC5005C5408 /* Sources */ = {
			isa = PBXSourcesBuildPhase;
			buildActionMask = 2147483647;
			files = (
				4F8045F2279FAAC5005C5408 /* watchOS_NavLink_SwiftUI_BugApp.swift in Sources */,
				4F8045F0279FAAC5005C5408 /* ContentView.swift in Sources */,
				4F8045F4279FAAC5005C5408 /* ComplicationController.swift in Sources */,
			);
			runOnlyForDeploymentPostprocessing = 0;
		};
/* End PBXSourcesBuildPhase section */

/* Begin PBXTargetDependency section */
		4F8045E2279FAAC4005C5408 /* PBXTargetDependency */ = {
			isa = PBXTargetDependency;
			target = 4F8045DE279FAAC4005C5408 /* watchOS NavLink SwiftUI Bug WatchKit App */;
			targetProxy = 4F8045E1279FAAC4005C5408 /* PBXContainerItemProxy */;
		};
		4F8045ED279FAAC5005C5408 /* PBXTargetDependency */ = {
			isa = PBXTargetDependency;
			target = 4F8045E9279FAAC5005C5408 /* watchOS NavLink SwiftUI Bug WatchKit Extension */;
			targetProxy = 4F8045EC279FAAC5005C5408 /* PBXContainerItemProxy */;
		};
/* End PBXTargetDependency section */

/* Begin XCBuildConfiguration section */
		4F8045FB279FAAC6005C5408 /* Debug */ = {
			isa = XCBuildConfiguration;
			buildSettings = {
				ALWAYS_SEARCH_USER_PATHS = NO;
				CLANG_ANALYZER_NONNULL = YES;
				CLANG_ANALYZER_NUMBER_OBJECT_CONVERSION = YES_AGGRESSIVE;
				CLANG_CXX_LANGUAGE_STANDARD = "gnu++17";
				CLANG_CXX_LIBRARY = "libc++";
				CLANG_ENABLE_MODULES = YES;
				CLANG_ENABLE_OBJC_ARC = YES;
				CLANG_ENABLE_OBJC_WEAK = YES;
				CLANG_WARN_BLOCK_CAPTURE_AUTORELEASING = YES;
				CLANG_WARN_BOOL_CONVERSION = YES;
				CLANG_WARN_COMMA = YES;
				CLANG_WARN_CONSTANT_CONVERSION = YES;
				CLANG_WARN_DEPRECATED_OBJC_IMPLEMENTATIONS = YES;
				CLANG_WARN_DIRECT_OBJC_ISA_USAGE = YES_ERROR;
				CLANG_WARN_DOCUMENTATION_COMMENTS = YES;
				CLANG_WARN_EMPTY_BODY = YES;
				CLANG_WARN_ENUM_CONVERSION = YES;
				CLANG_WARN_INFINITE_RECURSION = YES;
				CLANG_WARN_INT_CONVERSION = YES;
				CLANG_WARN_NON_LITERAL_NULL_CONVERSION = YES;
				CLANG_WARN_OBJC_IMPLICIT_RETAIN_SELF = YES;
				CLANG_WARN_OBJC_LITERAL_CONVERSION = YES;
				CLANG_WARN_OBJC_ROOT_CLASS = YES_ERROR;
				CLANG_WARN_QUOTED_INCLUDE_IN_FRAMEWORK_HEADER = YES;
				CLANG_WARN_RANGE_LOOP_ANALYSIS = YES;
				CLANG_WARN_STRICT_PROTOTYPES = YES;
				CLANG_WARN_SUSPICIOUS_MOVE = YES;
				CLANG_WARN_UNGUARDED_AVAILABILITY = YES_AGGRESSIVE;
				CLANG_WARN_UNREACHABLE_CODE = YES;
				CLANG_WARN__DUPLICATE_METHOD_MATCH = YES;
				COPY_PHASE_STRIP = NO;
				DEBUG_INFORMATION_FORMAT = dwarf;
				ENABLE_STRICT_OBJC_MSGSEND = YES;
				ENABLE_TESTABILITY = YES;
				GCC_C_LANGUAGE_STANDARD = gnu11;
				GCC_DYNAMIC_NO_PIC = NO;
				GCC_NO_COMMON_BLOCKS = YES;
				GCC_OPTIMIZATION_LEVEL = 0;
				GCC_PREPROCESSOR_DEFINITIONS = (
					"DEBUG=1",
					"$(inherited)",
				);
				GCC_WARN_64_TO_32_BIT_CONVERSION = YES;
				GCC_WARN_ABOUT_RETURN_TYPE = YES_ERROR;
				GCC_WARN_UNDECLARED_SELECTOR = YES;
				GCC_WARN_UNINITIALIZED_AUTOS = YES_AGGRESSIVE;
				GCC_WARN_UNUSED_FUNCTION = YES;
				GCC_WARN_UNUSED_VARIABLE = YES;
				MTL_ENABLE_DEBUG_INFO = INCLUDE_SOURCE;
				MTL_FAST_MATH = YES;
				ONLY_ACTIVE_ARCH = YES;
				SDKROOT = iphoneos;
				SWIFT_ACTIVE_COMPILATION_CONDITIONS = DEBUG;
				SWIFT_OPTIMIZATION_LEVEL = "-Onone";
			};
			name = Debug;
		};
		4F8045FC279FAAC6005C5408 /* Release */ = {
			isa = XCBuildConfiguration;
			buildSettings = {
				ALWAYS_SEARCH_USER_PATHS = NO;
				CLANG_ANALYZER_NONNULL = YES;
				CLANG_ANALYZER_NUMBER_OBJECT_CONVERSION = YES_AGGRESSIVE;
				CLANG_CXX_LANGUAGE_STANDARD = "gnu++17";
				CLANG_CXX_LIBRARY = "libc++";
				CLANG_ENABLE_MODULES = YES;
				CLANG_ENABLE_OBJC_ARC = YES;
				CLANG_ENABLE_OBJC_WEAK = YES;
				CLANG_WARN_BLOCK_CAPTURE_AUTORELEASING = YES;
				CLANG_WARN_BOOL_CONVERSION = YES;
				CLANG_WARN_COMMA = YES;
				CLANG_WARN_CONSTANT_CONVERSION = YES;
				CLANG_WARN_DEPRECATED_OBJC_IMPLEMENTATIONS = YES;
				CLANG_WARN_DIRECT_OBJC_ISA_USAGE = YES_ERROR;
				CLANG_WARN_DOCUMENTATION_COMMENTS = YES;
				CLANG_WARN_EMPTY_BODY = YES;
				CLANG_WARN_ENUM_CONVERSION = YES;
				CLANG_WARN_INFINITE_RECURSION = YES;
				CLANG_WARN_INT_CONVERSION = YES;
				CLANG_WARN_NON_LITERAL_NULL_CONVERSION = YES;
				CLANG_WARN_OBJC_IMPLICIT_RETAIN_SELF = YES;
				CLANG_WARN_OBJC_LITERAL_CONVERSION = YES;
				CLANG_WARN_OBJC_ROOT_CLASS = YES_ERROR;
				CLANG_WARN_QUOTED_INCLUDE_IN_FRAMEWORK_HEADER = YES;
				CLANG_WARN_RANGE_LOOP_ANALYSIS = YES;
				CLANG_WARN_STRICT_PROTOTYPES = YES;
				CLANG_WARN_SUSPICIOUS_MOVE = YES;
				CLANG_WARN_UNGUARDED_AVAILABILITY = YES_AGGRESSIVE;
				CLANG_WARN_UNREACHABLE_CODE = YES;
				CLANG_WARN__DUPLICATE_METHOD_MATCH = YES;
				COPY_PHASE_STRIP = NO;
				DEBUG_INFORMATION_FORMAT = "dwarf-with-dsym";
				ENABLE_NS_ASSERTIONS = NO;
				ENABLE_STRICT_OBJC_MSGSEND = YES;
				GCC_C_LANGUAGE_STANDARD = gnu11;
				GCC_NO_COMMON_BLOCKS = YES;
				GCC_WARN_64_TO_32_BIT_CONVERSION = YES;
				GCC_WARN_ABOUT_RETURN_TYPE = YES_ERROR;
				GCC_WARN_UNDECLARED_SELECTOR = YES;
				GCC_WARN_UNINITIALIZED_AUTOS = YES_AGGRESSIVE;
				GCC_WARN_UNUSED_FUNCTION = YES;
				GCC_WARN_UNUSED_VARIABLE = YES;
				MTL_ENABLE_DEBUG_INFO = NO;
				MTL_FAST_MATH = YES;
				SDKROOT = iphoneos;
				SWIFT_COMPILATION_MODE = wholemodule;
				SWIFT_OPTIMIZATION_LEVEL = "-O";
				VALIDATE_PRODUCT = YES;
			};
			name = Release;
		};
		4F8045FE279FAAC6005C5408 /* Debug */ = {
			isa = XCBuildConfiguration;
			buildSettings = {
				ASSETCATALOG_COMPILER_COMPLICATION_NAME = Complication;
				CODE_SIGN_STYLE = Automatic;
				CURRENT_PROJECT_VERSION = 1;
				DEVELOPMENT_ASSET_PATHS = "\"watchOS NavLink SwiftUI Bug WatchKit Extension/Preview Content\"";
				DEVELOPMENT_TEAM = 37LT8HVWJM;
				ENABLE_PREVIEWS = YES;
				GENERATE_INFOPLIST_FILE = YES;
				INFOPLIST_FILE = "watchOS NavLink SwiftUI Bug WatchKit Extension/Info.plist";
				INFOPLIST_KEY_CFBundleDisplayName = "watchOS NavLink SwiftUI Bug WatchKit Extension";
				INFOPLIST_KEY_CLKComplicationPrincipalClass = "$(PRODUCT_MODULE_NAME).ComplicationController";
				INFOPLIST_KEY_NSHumanReadableCopyright = "";
				INFOPLIST_KEY_WKWatchOnly = YES;
				LD_RUNPATH_SEARCH_PATHS = (
					"$(inherited)",
					"@executable_path/Frameworks",
					"@executable_path/../../Frameworks",
				);
				MARKETING_VERSION = 1.0;
				PRODUCT_BUNDLE_IDENTIFIER = "com.asaminew.test.watchOS-NavLink-SwiftUI-Bug.watchkitapp.watchkitextension";
				PRODUCT_NAME = "${TARGET_NAME}";
				SDKROOT = watchos;
				SKIP_INSTALL = YES;
				SWIFT_EMIT_LOC_STRINGS = YES;
				SWIFT_VERSION = 5.0;
				TARGETED_DEVICE_FAMILY = 4;
				WATCHOS_DEPLOYMENT_TARGET = 8.0;
			};
			name = Debug;
		};
		4F8045FF279FAAC6005C5408 /* Release */ = {
			isa = XCBuildConfiguration;
			buildSettings = {
				ASSETCATALOG_COMPILER_COMPLICATION_NAME = Complication;
				CODE_SIGN_STYLE = Automatic;
				CURRENT_PROJECT_VERSION = 1;
				DEVELOPMENT_ASSET_PATHS = "\"watchOS NavLink SwiftUI Bug WatchKit Extension/Preview Content\"";
				DEVELOPMENT_TEAM = 37LT8HVWJM;
				ENABLE_PREVIEWS = YES;
				GENERATE_INFOPLIST_FILE = YES;
				INFOPLIST_FILE = "watchOS NavLink SwiftUI Bug WatchKit Extension/Info.plist";
				INFOPLIST_KEY_CFBundleDisplayName = "watchOS NavLink SwiftUI Bug WatchKit Extension";
				INFOPLIST_KEY_CLKComplicationPrincipalClass = "$(PRODUCT_MODULE_NAME).ComplicationController";
				INFOPLIST_KEY_NSHumanReadableCopyright = "";
				INFOPLIST_KEY_WKWatchOnly = YES;
				LD_RUNPATH_SEARCH_PATHS = (
					"$(inherited)",
					"@executable_path/Frameworks",
					"@executable_path/../../Frameworks",
				);
				MARKETING_VERSION = 1.0;
				PRODUCT_BUNDLE_IDENTIFIER = "com.asaminew.test.watchOS-NavLink-SwiftUI-Bug.watchkitapp.watchkitextension";
				PRODUCT_NAME = "${TARGET_NAME}";
				SDKROOT = watchos;
				SKIP_INSTALL = YES;
				SWIFT_EMIT_LOC_STRINGS = YES;
				SWIFT_VERSION = 5.0;
				TARGETED_DEVICE_FAMILY = 4;
				WATCHOS_DEPLOYMENT_TARGET = 8.0;
			};
			name = Release;
		};
		4F804602279FAAC6005C5408 /* Debug */ = {
			isa = XCBuildConfiguration;
			buildSettings = {
				ALWAYS_EMBED_SWIFT_STANDARD_LIBRARIES = YES;
				ASSETCATALOG_COMPILER_APPICON_NAME = AppIcon;
				ASSETCATALOG_COMPILER_GLOBAL_ACCENT_COLOR_NAME = AccentColor;
				CODE_SIGN_STYLE = Automatic;
				CURRENT_PROJECT_VERSION = 1;
				DEVELOPMENT_TEAM = 37LT8HVWJM;
				GENERATE_INFOPLIST_FILE = YES;
				IBSC_MODULE = watchOS_NavLink_SwiftUI_Bug_WatchKit_Extension;
				INFOPLIST_KEY_CFBundleDisplayName = "watchOS NavLink SwiftUI Bug WatchKit App";
				INFOPLIST_KEY_UISupportedInterfaceOrientations = "UIInterfaceOrientationPortrait UIInterfaceOrientationPortraitUpsideDown";
				MARKETING_VERSION = 1.0;
				PRODUCT_BUNDLE_IDENTIFIER = "com.asaminew.test.watchOS-NavLink-SwiftUI-Bug.watchkitapp";
				PRODUCT_NAME = "$(TARGET_NAME)";
				SDKROOT = watchos;
				SKIP_INSTALL = YES;
				SWIFT_EMIT_LOC_STRINGS = YES;
				SWIFT_VERSION = 5.0;
				TARGETED_DEVICE_FAMILY = 4;
				WATCHOS_DEPLOYMENT_TARGET = 8.0;
			};
			name = Debug;
		};
		4F804603279FAAC6005C5408 /* Release */ = {
			isa = XCBuildConfiguration;
			buildSettings = {
				ALWAYS_EMBED_SWIFT_STANDARD_LIBRARIES = YES;
				ASSETCATALOG_COMPILER_APPICON_NAME = AppIcon;
				ASSETCATALOG_COMPILER_GLOBAL_ACCENT_COLOR_NAME = AccentColor;
				CODE_SIGN_STYLE = Automatic;
				CURRENT_PROJECT_VERSION = 1;
				DEVELOPMENT_TEAM = 37LT8HVWJM;
				GENERATE_INFOPLIST_FILE = YES;
				IBSC_MODULE = watchOS_NavLink_SwiftUI_Bug_WatchKit_Extension;
				INFOPLIST_KEY_CFBundleDisplayName = "watchOS NavLink SwiftUI Bug WatchKit App";
				INFOPLIST_KEY_UISupportedInterfaceOrientations = "UIInterfaceOrientationPortrait UIInterfaceOrientationPortraitUpsideDown";
				MARKETING_VERSION = 1.0;
				PRODUCT_BUNDLE_IDENTIFIER = "com.asaminew.test.watchOS-NavLink-SwiftUI-Bug.watchkitapp";
				PRODUCT_NAME = "$(TARGET_NAME)";
				SDKROOT = watchos;
				SKIP_INSTALL = YES;
				SWIFT_EMIT_LOC_STRINGS = YES;
				SWIFT_VERSION = 5.0;
				TARGETED_DEVICE_FAMILY = 4;
				WATCHOS_DEPLOYMENT_TARGET = 8.0;
			};
			name = Release;
		};
		4F804606279FAAC6005C5408 /* Debug */ = {
			isa = XCBuildConfiguration;
			buildSettings = {
				CODE_SIGN_STYLE = Automatic;
				CURRENT_PROJECT_VERSION = 1;
				DEVELOPMENT_TEAM = 37LT8HVWJM;
				MARKETING_VERSION = 1.0;
				PRODUCT_BUNDLE_IDENTIFIER = "com.asaminew.test.watchOS-NavLink-SwiftUI-Bug";
				PRODUCT_NAME = "$(TARGET_NAME)";
				SWIFT_VERSION = 5.0;
			};
			name = Debug;
		};
		4F804607279FAAC6005C5408 /* Release */ = {
			isa = XCBuildConfiguration;
			buildSettings = {
				CODE_SIGN_STYLE = Automatic;
				CURRENT_PROJECT_VERSION = 1;
				DEVELOPMENT_TEAM = 37LT8HVWJM;
				MARKETING_VERSION = 1.0;
				PRODUCT_BUNDLE_IDENTIFIER = "com.asaminew.test.watchOS-NavLink-SwiftUI-Bug";
				PRODUCT_NAME = "$(TARGET_NAME)";
				SWIFT_VERSION = 5.0;
			};
			name = Release;
		};
/* End XCBuildConfiguration section */

/* Begin XCConfigurationList section */
		4F8045D8279FAAC3005C5408 /* Build configuration list for PBXProject "watchOS NavLink SwiftUI Bug" */ = {
			isa = XCConfigurationList;
			buildConfigurations = (
				4F8045FB279FAAC6005C5408 /* Debug */,
				4F8045FC279FAAC6005C5408 /* Release */,
			);
			defaultConfigurationIsVisible = 0;
			defaultConfigurationName = Release;
		};
		4F8045FD279FAAC6005C5408 /* Build configuration list for PBXNativeTarget "watchOS NavLink SwiftUI Bug WatchKit Extension" */ = {
			isa = XCConfigurationList;
			buildConfigurations = (
				4F8045FE279FAAC6005C5408 /* Debug */,
				4F8045FF279FAAC6005C5408 /* Release */,
			);
			defaultConfigurationIsVisible = 0;
			defaultConfigurationName = Release;
		};
		4F804601279FAAC6005C5408 /* Build configuration list for PBXNativeTarget "watchOS NavLink SwiftUI Bug WatchKit App" */ = {
			isa = XCConfigurationList;
			buildConfigurations = (
				4F804602279FAAC6005C5408 /* Debug */,
				4F804603279FAAC6005C5408 /* Release */,
			);
			defaultConfigurationIsVisible = 0;
			defaultConfigurationName = Release;
		};
		4F804605279FAAC6005C5408 /* Build configuration list for PBXNativeTarget "watchOS NavLink SwiftUI Bug" */ = {
			isa = XCConfigurationList;
			buildConfigurations = (
				4F804606279FAAC6005C5408 /* Debug */,
				4F804607279FAAC6005C5408 /* Release */,
			);
			defaultConfigurationIsVisible = 0;
			defaultConfigurationName = Release;
		};
/* End XCConfigurationList section */
	};
	rootObject = 4F8045D5279FAAC3005C5408 /* Project object */;
}
